
Microsoft Visual Studio Solution File, Format Version 12.00
# Visual Studio Version 17
VisualStudioVersion = 17.4.33213.308
MinimumVisualStudioVersion = 10.0.40219.1
Project("{FAE04EC0-301F-11D3-BF4B-00C04F79EFBC}") = "calculadorateste", "calculadorateste\calculadorateste.csproj", "{F20384E1-778D-4875-96C1-BF062A0180AF}"
EndProject
Global
	GlobalSection(SolutionConfigurationPlatforms) = preSolution
		Debug|Any CPU = Debug|Any CPU
		Release|Any CPU = Release|Any CPU
	EndGlobalSection
	GlobalSection(ProjectConfigurationPlatforms) = postSolution
		{F20384E1-778D-4875-96C1-BF062A0180AF}.Debug|Any CPU.ActiveCfg = Debug|Any CPU
		{F20384E1-778D-4875-96C1-BF062A0180AF}.Debug|Any CPU.Build.0 = Debug|Any CPU
		{F20384E1-778D-4875-96C1-BF062A0180AF}.Release|Any CPU.ActiveCfg = Release|Any CPU
		{F20384E1-778D-4875-96C1-BF062A0180AF}.Release|Any CPU.Build.0 = Release|Any CPU
	EndGlobalSection
	GlobalSection(SolutionProperties) = preSolution
		HideSolutionNode = FALSE
	EndGlobalSection
	GlobalSection(ExtensibilityGlobals) = postSolution
		SolutionGuid = {A5213740-62C1-4284-9139-B9A313321DF3}
	EndGlobalSection
EndGlobal
